// !$*UTF8*$!
{
	archiveVersion = 1;
	classes = {
	};
	objectVersion = 55;
	objects = {

/* Begin PBXBuildFile section */
		93C830326C12A5CF6D0C530A /* Pods_WeatherAppTests.framework in Frameworks */ = {isa = PBXBuildFile; fileRef = EBF887BF2FB1AD8C2D0A6DEF /* Pods_WeatherAppTests.framework */; };
		A318D0E429D9512500073237 /* DataTransferServiceTests.swift in Sources */ = {isa = PBXBuildFile; fileRef = A318D0E329D9512500073237 /* DataTransferServiceTests.swift */; };
		A318D0E829D968A700073237 /* NetworkServiceTests.swift in Sources */ = {isa = PBXBuildFile; fileRef = A318D0E729D968A700073237 /* NetworkServiceTests.swift */; };
		A318D0F229D9755E00073237 /* DefaultWeatherRepository.swift in Sources */ = {isa = PBXBuildFile; fileRef = A318D0F129D9755E00073237 /* DefaultWeatherRepository.swift */; };
		A318D0F629D975AA00073237 /* WeatherRepository.swift in Sources */ = {isa = PBXBuildFile; fileRef = A318D0F529D975AA00073237 /* WeatherRepository.swift */; };
		A318D0F929D9760000073237 /* CurrentWeather.swift in Sources */ = {isa = PBXBuildFile; fileRef = A318D0F829D9760000073237 /* CurrentWeather.swift */; };
		A318D0FC29D97A1400073237 /* AppConfigurationContainer.swift in Sources */ = {isa = PBXBuildFile; fileRef = A318D0FB29D97A1400073237 /* AppConfigurationContainer.swift */; };
		A318D10129D97AE900073237 /* CurrentWeatherView.swift in Sources */ = {isa = PBXBuildFile; fileRef = A318D10029D97AE900073237 /* CurrentWeatherView.swift */; };
		A318D10329D97B0900073237 /* CurrentWeatherViewModel.swift in Sources */ = {isa = PBXBuildFile; fileRef = A318D10229D97B0900073237 /* CurrentWeatherViewModel.swift */; };
		A318D10629D97C8E00073237 /* WeatherUseCase.swift in Sources */ = {isa = PBXBuildFile; fileRef = A318D10529D97C8E00073237 /* WeatherUseCase.swift */; };
		A318D10C29D98FE200073237 /* WeatherUseCaseTests.swift in Sources */ = {isa = PBXBuildFile; fileRef = A318D10B29D98FE200073237 /* WeatherUseCaseTests.swift */; };
		A318D10E29D9B22800073237 /* RealtimeWeather+Mapping.swift in Sources */ = {isa = PBXBuildFile; fileRef = A318D10D29D9B22800073237 /* RealtimeWeather+Mapping.swift */; };
		A318D11029D9BDA900073237 /* WeatherForecast+Mapping.swift in Sources */ = {isa = PBXBuildFile; fileRef = A318D10F29D9BDA900073237 /* WeatherForecast+Mapping.swift */; };
		A318D11429D9C79A00073237 /* ForecastView.swift in Sources */ = {isa = PBXBuildFile; fileRef = A318D11329D9C79A00073237 /* ForecastView.swift */; };
		A318D11629D9CDB700073237 /* ForecastWeatherItemViewModel.swift in Sources */ = {isa = PBXBuildFile; fileRef = A318D11529D9CDB700073237 /* ForecastWeatherItemViewModel.swift */; };
		A318D11B29D9D2E000073237 /* WeatherDetailView.swift in Sources */ = {isa = PBXBuildFile; fileRef = A318D11A29D9D2E000073237 /* WeatherDetailView.swift */; };
		A318D11D29D9F67100073237 /* CurrentWeatherCardView.swift in Sources */ = {isa = PBXBuildFile; fileRef = A318D11C29D9F67100073237 /* CurrentWeatherCardView.swift */; };
		A318D12029D9FBBF00073237 /* String+Extension.swift in Sources */ = {isa = PBXBuildFile; fileRef = A318D11F29D9FBBF00073237 /* String+Extension.swift */; };
		A318D12429DA069F00073237 /* UITestingHelper.swift in Sources */ = {isa = PBXBuildFile; fileRef = A318D12329DA069F00073237 /* UITestingHelper.swift */; };
		A318D12629DA0E6700073237 /* NetworkConfigurableMock.swift in Sources */ = {isa = PBXBuildFile; fileRef = A318D0E129D9507200073237 /* NetworkConfigurableMock.swift */; };
		A318D12729DA0E6D00073237 /* NetworkSessionManagerMock.swift in Sources */ = {isa = PBXBuildFile; fileRef = A318D0E529D9577500073237 /* NetworkSessionManagerMock.swift */; };
		A318D12929DA0ECF00073237 /* EndPointMock.swift in Sources */ = {isa = PBXBuildFile; fileRef = A318D12829DA0ECF00073237 /* EndPointMock.swift */; };
		A318D12B29DA0F2600073237 /* WeatherRepositoryMock.swift in Sources */ = {isa = PBXBuildFile; fileRef = A318D12A29DA0F2600073237 /* WeatherRepositoryMock.swift */; };
		A318D12D29DA0F6700073237 /* MockResponse.swift in Sources */ = {isa = PBXBuildFile; fileRef = A318D12C29DA0F6700073237 /* MockResponse.swift */; };
		A318D12F29DA11A900073237 /* AppConfigurationContainerMock.swift in Sources */ = {isa = PBXBuildFile; fileRef = A318D12E29DA11A900073237 /* AppConfigurationContainerMock.swift */; };
		A800682829D713900081BC1F /* WeatherApp.swift in Sources */ = {isa = PBXBuildFile; fileRef = A800682729D713900081BC1F /* WeatherApp.swift */; };
		A800682C29D713920081BC1F /* Assets.xcassets in Resources */ = {isa = PBXBuildFile; fileRef = A800682B29D713920081BC1F /* Assets.xcassets */; };
		A800682F29D713920081BC1F /* Preview Assets.xcassets in Resources */ = {isa = PBXBuildFile; fileRef = A800682E29D713920081BC1F /* Preview Assets.xcassets */; };
		A800684329D713920081BC1F /* WeatherAppUITests.swift in Sources */ = {isa = PBXBuildFile; fileRef = A800684229D713920081BC1F /* WeatherAppUITests.swift */; };
		A800684529D713920081BC1F /* WeatherAppUITestsLaunchTests.swift in Sources */ = {isa = PBXBuildFile; fileRef = A800684429D713920081BC1F /* WeatherAppUITestsLaunchTests.swift */; };
		A800685329D715190081BC1F /* DataTransferService.swift in Sources */ = {isa = PBXBuildFile; fileRef = A800685229D715190081BC1F /* DataTransferService.swift */; };
		A800685529D7157E0081BC1F /* NetworkService.swift in Sources */ = {isa = PBXBuildFile; fileRef = A800685429D7157E0081BC1F /* NetworkService.swift */; };
		A800685729D715A40081BC1F /* Endpoint.swift in Sources */ = {isa = PBXBuildFile; fileRef = A800685629D715A40081BC1F /* Endpoint.swift */; };
		A800685929D716070081BC1F /* NetworkConfig.swift in Sources */ = {isa = PBXBuildFile; fileRef = A800685829D716070081BC1F /* NetworkConfig.swift */; };
		C012F77E0A82A2EE1285E7A8 /* Pods_WeatherApp.framework in Frameworks */ = {isa = PBXBuildFile; fileRef = 15FC5CA4402BE61D75184C10 /* Pods_WeatherApp.framework */; };
		DF42641EC6A32724A3075A69 /* Pods_WeatherApp_WeatherAppUITests.framework in Frameworks */ = {isa = PBXBuildFile; fileRef = FF57A4F3B47E8818C44D20F2 /* Pods_WeatherApp_WeatherAppUITests.framework */; };
/* End PBXBuildFile section */

/* Begin PBXContainerItemProxy section */
		A800683529D713920081BC1F /* PBXContainerItemProxy */ = {
			isa = PBXContainerItemProxy;
			containerPortal = A800681C29D713900081BC1F /* Project object */;
			proxyType = 1;
			remoteGlobalIDString = A800682329D713900081BC1F;
			remoteInfo = WeatherApp;
		};
		A800683F29D713920081BC1F /* PBXContainerItemProxy */ = {
			isa = PBXContainerItemProxy;
			containerPortal = A800681C29D713900081BC1F /* Project object */;
			proxyType = 1;
			remoteGlobalIDString = A800682329D713900081BC1F;
			remoteInfo = WeatherApp;
		};
/* End PBXContainerItemProxy section */

/* Begin PBXFileReference section */
		15FC5CA4402BE61D75184C10 /* Pods_WeatherApp.framework */ = {isa = PBXFileReference; explicitFileType = wrapper.framework; includeInIndex = 0; path = Pods_WeatherApp.framework; sourceTree = BUILT_PRODUCTS_DIR; };
		349C41CA97C753716A6B440B /* Pods-WeatherApp-WeatherAppUITests.release.xcconfig */ = {isa = PBXFileReference; includeInIndex = 1; lastKnownFileType = text.xcconfig; name = "Pods-WeatherApp-WeatherAppUITests.release.xcconfig"; path = "Target Support Files/Pods-WeatherApp-WeatherAppUITests/Pods-WeatherApp-WeatherAppUITests.release.xcconfig"; sourceTree = "<group>"; };
		3D5ABF09000E344EDAE5AE3A /* Pods-WeatherApp.debug.xcconfig */ = {isa = PBXFileReference; includeInIndex = 1; lastKnownFileType = text.xcconfig; name = "Pods-WeatherApp.debug.xcconfig"; path = "Target Support Files/Pods-WeatherApp/Pods-WeatherApp.debug.xcconfig"; sourceTree = "<group>"; };
		55BAC19379DE5D0E6B8DCC65 /* Pods-WeatherApp-WeatherAppUITests.debug.xcconfig */ = {isa = PBXFileReference; includeInIndex = 1; lastKnownFileType = text.xcconfig; name = "Pods-WeatherApp-WeatherAppUITests.debug.xcconfig"; path = "Target Support Files/Pods-WeatherApp-WeatherAppUITests/Pods-WeatherApp-WeatherAppUITests.debug.xcconfig"; sourceTree = "<group>"; };
		6DCE95DD71F2797B2BBE09A0 /* Pods-WeatherAppTests.debug.xcconfig */ = {isa = PBXFileReference; includeInIndex = 1; lastKnownFileType = text.xcconfig; name = "Pods-WeatherAppTests.debug.xcconfig"; path = "Target Support Files/Pods-WeatherAppTests/Pods-WeatherAppTests.debug.xcconfig"; sourceTree = "<group>"; };
		9E66022693D1C5AD3B1A334B /* Pods-WeatherApp.release.xcconfig */ = {isa = PBXFileReference; includeInIndex = 1; lastKnownFileType = text.xcconfig; name = "Pods-WeatherApp.release.xcconfig"; path = "Target Support Files/Pods-WeatherApp/Pods-WeatherApp.release.xcconfig"; sourceTree = "<group>"; };
		A318D0E129D9507200073237 /* NetworkConfigurableMock.swift */ = {isa = PBXFileReference; lastKnownFileType = sourcecode.swift; path = NetworkConfigurableMock.swift; sourceTree = "<group>"; };
		A318D0E329D9512500073237 /* DataTransferServiceTests.swift */ = {isa = PBXFileReference; lastKnownFileType = sourcecode.swift; path = DataTransferServiceTests.swift; sourceTree = "<group>"; };
		A318D0E529D9577500073237 /* NetworkSessionManagerMock.swift */ = {isa = PBXFileReference; lastKnownFileType = sourcecode.swift; path = NetworkSessionManagerMock.swift; sourceTree = "<group>"; };
		A318D0E729D968A700073237 /* NetworkServiceTests.swift */ = {isa = PBXFileReference; lastKnownFileType = sourcecode.swift; path = NetworkServiceTests.swift; sourceTree = "<group>"; };
		A318D0F129D9755E00073237 /* DefaultWeatherRepository.swift */ = {isa = PBXFileReference; lastKnownFileType = sourcecode.swift; path = DefaultWeatherRepository.swift; sourceTree = "<group>"; };
		A318D0F529D975AA00073237 /* WeatherRepository.swift */ = {isa = PBXFileReference; lastKnownFileType = sourcecode.swift; path = WeatherRepository.swift; sourceTree = "<group>"; };
		A318D0F829D9760000073237 /* CurrentWeather.swift */ = {isa = PBXFileReference; lastKnownFileType = sourcecode.swift; path = CurrentWeather.swift; sourceTree = "<group>"; };
		A318D0FB29D97A1400073237 /* AppConfigurationContainer.swift */ = {isa = PBXFileReference; lastKnownFileType = sourcecode.swift; path = AppConfigurationContainer.swift; sourceTree = "<group>"; };
		A318D10029D97AE900073237 /* CurrentWeatherView.swift */ = {isa = PBXFileReference; lastKnownFileType = sourcecode.swift; path = CurrentWeatherView.swift; sourceTree = "<group>"; };
		A318D10229D97B0900073237 /* CurrentWeatherViewModel.swift */ = {isa = PBXFileReference; lastKnownFileType = sourcecode.swift; path = CurrentWeatherViewModel.swift; sourceTree = "<group>"; };
		A318D10529D97C8E00073237 /* WeatherUseCase.swift */ = {isa = PBXFileReference; lastKnownFileType = sourcecode.swift; path = WeatherUseCase.swift; sourceTree = "<group>"; };
		A318D10729D9801B00073237 /* Info.plist */ = {isa = PBXFileReference; lastKnownFileType = text.plist; path = Info.plist; sourceTree = "<group>"; };
		A318D10B29D98FE200073237 /* WeatherUseCaseTests.swift */ = {isa = PBXFileReference; lastKnownFileType = sourcecode.swift; path = WeatherUseCaseTests.swift; sourceTree = "<group>"; };
		A318D10D29D9B22800073237 /* RealtimeWeather+Mapping.swift */ = {isa = PBXFileReference; lastKnownFileType = sourcecode.swift; path = "RealtimeWeather+Mapping.swift"; sourceTree = "<group>"; };
		A318D10F29D9BDA900073237 /* WeatherForecast+Mapping.swift */ = {isa = PBXFileReference; lastKnownFileType = sourcecode.swift; path = "WeatherForecast+Mapping.swift"; sourceTree = "<group>"; };
		A318D11329D9C79A00073237 /* ForecastView.swift */ = {isa = PBXFileReference; lastKnownFileType = sourcecode.swift; path = ForecastView.swift; sourceTree = "<group>"; };
		A318D11529D9CDB700073237 /* ForecastWeatherItemViewModel.swift */ = {isa = PBXFileReference; lastKnownFileType = sourcecode.swift; path = ForecastWeatherItemViewModel.swift; sourceTree = "<group>"; };
		A318D11A29D9D2E000073237 /* WeatherDetailView.swift */ = {isa = PBXFileReference; lastKnownFileType = sourcecode.swift; path = WeatherDetailView.swift; sourceTree = "<group>"; };
		A318D11C29D9F67100073237 /* CurrentWeatherCardView.swift */ = {isa = PBXFileReference; lastKnownFileType = sourcecode.swift; path = CurrentWeatherCardView.swift; sourceTree = "<group>"; };
		A318D11F29D9FBBF00073237 /* String+Extension.swift */ = {isa = PBXFileReference; lastKnownFileType = sourcecode.swift; path = "String+Extension.swift"; sourceTree = "<group>"; };
		A318D12329DA069F00073237 /* UITestingHelper.swift */ = {isa = PBXFileReference; lastKnownFileType = sourcecode.swift; path = UITestingHelper.swift; sourceTree = "<group>"; };
		A318D12829DA0ECF00073237 /* EndPointMock.swift */ = {isa = PBXFileReference; lastKnownFileType = sourcecode.swift; path = EndPointMock.swift; sourceTree = "<group>"; };
		A318D12A29DA0F2600073237 /* WeatherRepositoryMock.swift */ = {isa = PBXFileReference; lastKnownFileType = sourcecode.swift; path = WeatherRepositoryMock.swift; sourceTree = "<group>"; };
		A318D12C29DA0F6700073237 /* MockResponse.swift */ = {isa = PBXFileReference; lastKnownFileType = sourcecode.swift; path = MockResponse.swift; sourceTree = "<group>"; };
		A318D12E29DA11A900073237 /* AppConfigurationContainerMock.swift */ = {isa = PBXFileReference; lastKnownFileType = sourcecode.swift; path = AppConfigurationContainerMock.swift; sourceTree = "<group>"; };
		A800682429D713900081BC1F /* WeatherApp.app */ = {isa = PBXFileReference; explicitFileType = wrapper.application; includeInIndex = 0; path = WeatherApp.app; sourceTree = BUILT_PRODUCTS_DIR; };
		A800682729D713900081BC1F /* WeatherApp.swift */ = {isa = PBXFileReference; lastKnownFileType = sourcecode.swift; path = WeatherApp.swift; sourceTree = "<group>"; };
		A800682B29D713920081BC1F /* Assets.xcassets */ = {isa = PBXFileReference; lastKnownFileType = folder.assetcatalog; path = Assets.xcassets; sourceTree = "<group>"; };
		A800682E29D713920081BC1F /* Preview Assets.xcassets */ = {isa = PBXFileReference; lastKnownFileType = folder.assetcatalog; path = "Preview Assets.xcassets"; sourceTree = "<group>"; };
		A800683429D713920081BC1F /* WeatherAppTests.xctest */ = {isa = PBXFileReference; explicitFileType = wrapper.cfbundle; includeInIndex = 0; path = WeatherAppTests.xctest; sourceTree = BUILT_PRODUCTS_DIR; };
		A800683E29D713920081BC1F /* WeatherAppUITests.xctest */ = {isa = PBXFileReference; explicitFileType = wrapper.cfbundle; includeInIndex = 0; path = WeatherAppUITests.xctest; sourceTree = BUILT_PRODUCTS_DIR; };
		A800684229D713920081BC1F /* WeatherAppUITests.swift */ = {isa = PBXFileReference; lastKnownFileType = sourcecode.swift; path = WeatherAppUITests.swift; sourceTree = "<group>"; };
		A800684429D713920081BC1F /* WeatherAppUITestsLaunchTests.swift */ = {isa = PBXFileReference; lastKnownFileType = sourcecode.swift; path = WeatherAppUITestsLaunchTests.swift; sourceTree = "<group>"; };
		A800685229D715190081BC1F /* DataTransferService.swift */ = {isa = PBXFileReference; lastKnownFileType = sourcecode.swift; path = DataTransferService.swift; sourceTree = "<group>"; };
		A800685429D7157E0081BC1F /* NetworkService.swift */ = {isa = PBXFileReference; lastKnownFileType = sourcecode.swift; path = NetworkService.swift; sourceTree = "<group>"; };
		A800685629D715A40081BC1F /* Endpoint.swift */ = {isa = PBXFileReference; lastKnownFileType = sourcecode.swift; path = Endpoint.swift; sourceTree = "<group>"; };
		A800685829D716070081BC1F /* NetworkConfig.swift */ = {isa = PBXFileReference; lastKnownFileType = sourcecode.swift; path = NetworkConfig.swift; sourceTree = "<group>"; };
		AC9BEEA7EBB83B9CF5857095 /* Pods-WeatherAppTests.release.xcconfig */ = {isa = PBXFileReference; includeInIndex = 1; lastKnownFileType = text.xcconfig; name = "Pods-WeatherAppTests.release.xcconfig"; path = "Target Support Files/Pods-WeatherAppTests/Pods-WeatherAppTests.release.xcconfig"; sourceTree = "<group>"; };
		EBF887BF2FB1AD8C2D0A6DEF /* Pods_WeatherAppTests.framework */ = {isa = PBXFileReference; explicitFileType = wrapper.framework; includeInIndex = 0; path = Pods_WeatherAppTests.framework; sourceTree = BUILT_PRODUCTS_DIR; };
		FF57A4F3B47E8818C44D20F2 /* Pods_WeatherApp_WeatherAppUITests.framework */ = {isa = PBXFileReference; explicitFileType = wrapper.framework; includeInIndex = 0; path = Pods_WeatherApp_WeatherAppUITests.framework; sourceTree = BUILT_PRODUCTS_DIR; };
/* End PBXFileReference section */

/* Begin PBXFrameworksBuildPhase section */
		A800682129D713900081BC1F /* Frameworks */ = {
			isa = PBXFrameworksBuildPhase;
			buildActionMask = 2147483647;
			files = (
				C012F77E0A82A2EE1285E7A8 /* Pods_WeatherApp.framework in Frameworks */,
			);
			runOnlyForDeploymentPostprocessing = 0;
		};
		A800683129D713920081BC1F /* Frameworks */ = {
			isa = PBXFrameworksBuildPhase;
			buildActionMask = 2147483647;
			files = (
				93C830326C12A5CF6D0C530A /* Pods_WeatherAppTests.framework in Frameworks */,
			);
			runOnlyForDeploymentPostprocessing = 0;
		};
		A800683B29D713920081BC1F /* Frameworks */ = {
			isa = PBXFrameworksBuildPhase;
			buildActionMask = 2147483647;
			files = (
				DF42641EC6A32724A3075A69 /* Pods_WeatherApp_WeatherAppUITests.framework in Frameworks */,
			);
			runOnlyForDeploymentPostprocessing = 0;
		};
/* End PBXFrameworksBuildPhase section */

/* Begin PBXGroup section */
		18266899AC95612C4DC0DD9D /* Pods */ = {
			isa = PBXGroup;
			children = (
				3D5ABF09000E344EDAE5AE3A /* Pods-WeatherApp.debug.xcconfig */,
				9E66022693D1C5AD3B1A334B /* Pods-WeatherApp.release.xcconfig */,
				55BAC19379DE5D0E6B8DCC65 /* Pods-WeatherApp-WeatherAppUITests.debug.xcconfig */,
				349C41CA97C753716A6B440B /* Pods-WeatherApp-WeatherAppUITests.release.xcconfig */,
				6DCE95DD71F2797B2BBE09A0 /* Pods-WeatherAppTests.debug.xcconfig */,
				AC9BEEA7EBB83B9CF5857095 /* Pods-WeatherAppTests.release.xcconfig */,
			);
			path = Pods;
			sourceTree = "<group>";
		};
		2E8E2EA1B0F34C331F6FEFCD /* Frameworks */ = {
			isa = PBXGroup;
			children = (
				15FC5CA4402BE61D75184C10 /* Pods_WeatherApp.framework */,
				FF57A4F3B47E8818C44D20F2 /* Pods_WeatherApp_WeatherAppUITests.framework */,
				EBF887BF2FB1AD8C2D0A6DEF /* Pods_WeatherAppTests.framework */,
			);
			name = Frameworks;
			sourceTree = "<group>";
		};
		A318D0E029D9504F00073237 /* Mock */ = {
			isa = PBXGroup;
			children = (
				A318D0E129D9507200073237 /* NetworkConfigurableMock.swift */,
				A318D0E529D9577500073237 /* NetworkSessionManagerMock.swift */,
				A318D12829DA0ECF00073237 /* EndPointMock.swift */,
				A318D12A29DA0F2600073237 /* WeatherRepositoryMock.swift */,
				A318D12C29DA0F6700073237 /* MockResponse.swift */,
				A318D12E29DA11A900073237 /* AppConfigurationContainerMock.swift */,
			);
			path = Mock;
			sourceTree = "<group>";
		};
		A318D0E929D96C5000073237 /* Netwrok */ = {
			isa = PBXGroup;
			children = (
				A318D0E329D9512500073237 /* DataTransferServiceTests.swift */,
				A318D0E729D968A700073237 /* NetworkServiceTests.swift */,
			);
			path = Netwrok;
			sourceTree = "<group>";
		};
		A318D0EA29D96D4500073237 /* Presentation */ = {
			isa = PBXGroup;
			children = (
				A318D11729D9D2AC00073237 /* WeatherDetail */,
				A318D0FD29D97AC300073237 /* CurrentWeather */,
			);
			path = Presentation;
			sourceTree = "<group>";
		};
		A318D0EB29D96D5400073237 /* Data */ = {
			isa = PBXGroup;
			children = (
				A318D0F029D9753600073237 /* Repository */,
				A318D0ED29D96D7700073237 /* DataMapping */,
			);
			path = Data;
			sourceTree = "<group>";
		};
		A318D0EC29D96D5D00073237 /* Domain */ = {
			isa = PBXGroup;
			children = (
				A318D10429D97C6E00073237 /* UseCase */,
				A318D0F729D975F200073237 /* Entity */,
				A318D0F329D9758700073237 /* Interfaces */,
			);
			path = Domain;
			sourceTree = "<group>";
		};
		A318D0ED29D96D7700073237 /* DataMapping */ = {
			isa = PBXGroup;
			children = (
				A318D10D29D9B22800073237 /* RealtimeWeather+Mapping.swift */,
				A318D10F29D9BDA900073237 /* WeatherForecast+Mapping.swift */,
			);
			path = DataMapping;
			sourceTree = "<group>";
		};
		A318D0F029D9753600073237 /* Repository */ = {
			isa = PBXGroup;
			children = (
				A318D0F129D9755E00073237 /* DefaultWeatherRepository.swift */,
			);
			path = Repository;
			sourceTree = "<group>";
		};
		A318D0F329D9758700073237 /* Interfaces */ = {
			isa = PBXGroup;
			children = (
				A318D0F429D9759300073237 /* Repository */,
			);
			path = Interfaces;
			sourceTree = "<group>";
		};
		A318D0F429D9759300073237 /* Repository */ = {
			isa = PBXGroup;
			children = (
				A318D0F529D975AA00073237 /* WeatherRepository.swift */,
			);
			path = Repository;
			sourceTree = "<group>";
		};
		A318D0F729D975F200073237 /* Entity */ = {
			isa = PBXGroup;
			children = (
				A318D0F829D9760000073237 /* CurrentWeather.swift */,
			);
			path = Entity;
			sourceTree = "<group>";
		};
		A318D0FA29D979E900073237 /* Application */ = {
			isa = PBXGroup;
			children = (
				A800682729D713900081BC1F /* WeatherApp.swift */,
				A318D0FB29D97A1400073237 /* AppConfigurationContainer.swift */,
			);
			path = Application;
			sourceTree = "<group>";
		};
		A318D0FD29D97AC300073237 /* CurrentWeather */ = {
			isa = PBXGroup;
			children = (
				A318D0FF29D97ADA00073237 /* View */,
				A318D0FE29D97AD300073237 /* ViewModel */,
			);
			path = CurrentWeather;
			sourceTree = "<group>";
		};
		A318D0FE29D97AD300073237 /* ViewModel */ = {
			isa = PBXGroup;
			children = (
				A318D10229D97B0900073237 /* CurrentWeatherViewModel.swift */,
				A318D11529D9CDB700073237 /* ForecastWeatherItemViewModel.swift */,
			);
			path = ViewModel;
			sourceTree = "<group>";
		};
		A318D0FF29D97ADA00073237 /* View */ = {
			isa = PBXGroup;
			children = (
				A318D10029D97AE900073237 /* CurrentWeatherView.swift */,
				A318D11329D9C79A00073237 /* ForecastView.swift */,
				A318D11C29D9F67100073237 /* CurrentWeatherCardView.swift */,
			);
			path = View;
			sourceTree = "<group>";
		};
		A318D10429D97C6E00073237 /* UseCase */ = {
			isa = PBXGroup;
			children = (
				A318D10529D97C8E00073237 /* WeatherUseCase.swift */,
			);
			path = UseCase;
			sourceTree = "<group>";
		};
		A318D10829D98F4300073237 /* Infrastructure */ = {
			isa = PBXGroup;
			children = (
				A800685129D7150A0081BC1F /* Network */,
			);
			path = Infrastructure;
			sourceTree = "<group>";
		};
		A318D10929D98F5C00073237 /* Infrastructure */ = {
			isa = PBXGroup;
			children = (
				A318D0E929D96C5000073237 /* Netwrok */,
			);
			path = Infrastructure;
			sourceTree = "<group>";
		};
		A318D10A29D98F9000073237 /* Domain */ = {
			isa = PBXGroup;
			children = (
				A318D10B29D98FE200073237 /* WeatherUseCaseTests.swift */,
			);
			path = Domain;
			sourceTree = "<group>";
		};
		A318D11729D9D2AC00073237 /* WeatherDetail */ = {
			isa = PBXGroup;
			children = (
				A318D11829D9D2B600073237 /* View */,
			);
			path = WeatherDetail;
			sourceTree = "<group>";
		};
		A318D11829D9D2B600073237 /* View */ = {
			isa = PBXGroup;
			children = (
				A318D11A29D9D2E000073237 /* WeatherDetailView.swift */,
			);
			path = View;
			sourceTree = "<group>";
		};
		A318D11E29D9FBA200073237 /* Common */ = {
			isa = PBXGroup;
			children = (
				A318D12129D9FBC400073237 /* Extension */,
			);
			path = Common;
			sourceTree = "<group>";
		};
		A318D12129D9FBC400073237 /* Extension */ = {
			isa = PBXGroup;
			children = (
				A318D11F29D9FBBF00073237 /* String+Extension.swift */,
			);
			path = Extension;
			sourceTree = "<group>";
		};
		A318D12229DA068E00073237 /* UITesting */ = {
			isa = PBXGroup;
			children = (
				A318D0E029D9504F00073237 /* Mock */,
				A318D12329DA069F00073237 /* UITestingHelper.swift */,
			);
			path = UITesting;
			sourceTree = "<group>";
		};
		A800681B29D713900081BC1F = {
			isa = PBXGroup;
			children = (
				A800682629D713900081BC1F /* WeatherApp */,
				A800683729D713920081BC1F /* WeatherAppTests */,
				A800684129D713920081BC1F /* WeatherAppUITests */,
				A800682529D713900081BC1F /* Products */,
				18266899AC95612C4DC0DD9D /* Pods */,
				2E8E2EA1B0F34C331F6FEFCD /* Frameworks */,
			);
			sourceTree = "<group>";
		};
		A800682529D713900081BC1F /* Products */ = {
			isa = PBXGroup;
			children = (
				A800682429D713900081BC1F /* WeatherApp.app */,
				A800683429D713920081BC1F /* WeatherAppTests.xctest */,
				A800683E29D713920081BC1F /* WeatherAppUITests.xctest */,
			);
			name = Products;
			sourceTree = "<group>";
		};
		A800682629D713900081BC1F /* WeatherApp */ = {
			isa = PBXGroup;
			children = (
				A318D10729D9801B00073237 /* Info.plist */,
				A318D0FA29D979E900073237 /* Application */,
				A318D0EA29D96D4500073237 /* Presentation */,
				A318D0EC29D96D5D00073237 /* Domain */,
				A318D0EB29D96D5400073237 /* Data */,
				A318D10829D98F4300073237 /* Infrastructure */,
				A318D11E29D9FBA200073237 /* Common */,
				A318D12229DA068E00073237 /* UITesting */,
				A800682B29D713920081BC1F /* Assets.xcassets */,
				A800682D29D713920081BC1F /* Preview Content */,
			);
			path = WeatherApp;
			sourceTree = "<group>";
		};
		A800682D29D713920081BC1F /* Preview Content */ = {
			isa = PBXGroup;
			children = (
				A800682E29D713920081BC1F /* Preview Assets.xcassets */,
			);
			path = "Preview Content";
			sourceTree = "<group>";
		};
		A800683729D713920081BC1F /* WeatherAppTests */ = {
			isa = PBXGroup;
			children = (
				A318D10A29D98F9000073237 /* Domain */,
				A318D10929D98F5C00073237 /* Infrastructure */,
			);
			path = WeatherAppTests;
			sourceTree = "<group>";
		};
		A800684129D713920081BC1F /* WeatherAppUITests */ = {
			isa = PBXGroup;
			children = (
				A800684229D713920081BC1F /* WeatherAppUITests.swift */,
				A800684429D713920081BC1F /* WeatherAppUITestsLaunchTests.swift */,
			);
			path = WeatherAppUITests;
			sourceTree = "<group>";
		};
		A800685129D7150A0081BC1F /* Network */ = {
			isa = PBXGroup;
			children = (
				A800685229D715190081BC1F /* DataTransferService.swift */,
				A800685429D7157E0081BC1F /* NetworkService.swift */,
				A800685629D715A40081BC1F /* Endpoint.swift */,
				A800685829D716070081BC1F /* NetworkConfig.swift */,
			);
			path = Network;
			sourceTree = "<group>";
		};
/* End PBXGroup section */

/* Begin PBXNativeTarget section */
		A800682329D713900081BC1F /* WeatherApp */ = {
			isa = PBXNativeTarget;
			buildConfigurationList = A800684829D713920081BC1F /* Build configuration list for PBXNativeTarget "WeatherApp" */;
			buildPhases = (
				8BEAB8FE0D471730FEA3B705 /* [CP] Check Pods Manifest.lock */,
				A800682029D713900081BC1F /* Sources */,
				A800682129D713900081BC1F /* Frameworks */,
				A800682229D713900081BC1F /* Resources */,
				A318D12529DA0A9600073237 /* Swift Lint */,
			);
			buildRules = (
			);
			dependencies = (
			);
			name = WeatherApp;
			productName = WeatherApp;
			productReference = A800682429D713900081BC1F /* WeatherApp.app */;
			productType = "com.apple.product-type.application";
		};
		A800683329D713920081BC1F /* WeatherAppTests */ = {
			isa = PBXNativeTarget;
			buildConfigurationList = A800684B29D713920081BC1F /* Build configuration list for PBXNativeTarget "WeatherAppTests" */;
			buildPhases = (
				7569C83CB4F04C458F31D5AA /* [CP] Check Pods Manifest.lock */,
				A800683029D713920081BC1F /* Sources */,
				A800683129D713920081BC1F /* Frameworks */,
				A800683229D713920081BC1F /* Resources */,
			);
			buildRules = (
			);
			dependencies = (
				A800683629D713920081BC1F /* PBXTargetDependency */,
			);
			name = WeatherAppTests;
			productName = WeatherAppTests;
			productReference = A800683429D713920081BC1F /* WeatherAppTests.xctest */;
			productType = "com.apple.product-type.bundle.unit-test";
		};
		A800683D29D713920081BC1F /* WeatherAppUITests */ = {
			isa = PBXNativeTarget;
			buildConfigurationList = A800684E29D713920081BC1F /* Build configuration list for PBXNativeTarget "WeatherAppUITests" */;
			buildPhases = (
				A540CCA091D19F2E00C07800 /* [CP] Check Pods Manifest.lock */,
				A800683A29D713920081BC1F /* Sources */,
				A800683B29D713920081BC1F /* Frameworks */,
				A800683C29D713920081BC1F /* Resources */,
			);
			buildRules = (
			);
			dependencies = (
				A800684029D713920081BC1F /* PBXTargetDependency */,
			);
			name = WeatherAppUITests;
			productName = WeatherAppUITests;
			productReference = A800683E29D713920081BC1F /* WeatherAppUITests.xctest */;
			productType = "com.apple.product-type.bundle.ui-testing";
		};
/* End PBXNativeTarget section */

/* Begin PBXProject section */
		A800681C29D713900081BC1F /* Project object */ = {
			isa = PBXProject;
			attributes = {
				BuildIndependentTargetsInParallel = 1;
				LastSwiftUpdateCheck = 1340;
				LastUpgradeCheck = 1340;
				TargetAttributes = {
					A800682329D713900081BC1F = {
						CreatedOnToolsVersion = 13.4.1;
					};
					A800683329D713920081BC1F = {
						CreatedOnToolsVersion = 13.4.1;
						TestTargetID = A800682329D713900081BC1F;
					};
					A800683D29D713920081BC1F = {
						CreatedOnToolsVersion = 13.4.1;
						TestTargetID = A800682329D713900081BC1F;
					};
				};
			};
			buildConfigurationList = A800681F29D713900081BC1F /* Build configuration list for PBXProject "WeatherApp" */;
			compatibilityVersion = "Xcode 13.0";
			developmentRegion = en;
			hasScannedForEncodings = 0;
			knownRegions = (
				en,
				Base,
			);
			mainGroup = A800681B29D713900081BC1F;
			productRefGroup = A800682529D713900081BC1F /* Products */;
			projectDirPath = "";
			projectRoot = "";
			targets = (
				A800682329D713900081BC1F /* WeatherApp */,
				A800683329D713920081BC1F /* WeatherAppTests */,
				A800683D29D713920081BC1F /* WeatherAppUITests */,
			);
		};
/* End PBXProject section */

/* Begin PBXResourcesBuildPhase section */
		A800682229D713900081BC1F /* Resources */ = {
			isa = PBXResourcesBuildPhase;
			buildActionMask = 2147483647;
			files = (
				A800682F29D713920081BC1F /* Preview Assets.xcassets in Resources */,
				A800682C29D713920081BC1F /* Assets.xcassets in Resources */,
			);
			runOnlyForDeploymentPostprocessing = 0;
		};
		A800683229D713920081BC1F /* Resources */ = {
			isa = PBXResourcesBuildPhase;
			buildActionMask = 2147483647;
			files = (
			);
			runOnlyForDeploymentPostprocessing = 0;
		};
		A800683C29D713920081BC1F /* Resources */ = {
			isa = PBXResourcesBuildPhase;
			buildActionMask = 2147483647;
			files = (
			);
			runOnlyForDeploymentPostprocessing = 0;
		};
/* End PBXResourcesBuildPhase section */

/* Begin PBXShellScriptBuildPhase section */
		7569C83CB4F04C458F31D5AA /* [CP] Check Pods Manifest.lock */ = {
			isa = PBXShellScriptBuildPhase;
			buildActionMask = 2147483647;
			files = (
			);
			inputFileListPaths = (
			);
			inputPaths = (
				"${PODS_PODFILE_DIR_PATH}/Podfile.lock",
				"${PODS_ROOT}/Manifest.lock",
			);
			name = "[CP] Check Pods Manifest.lock";
			outputFileListPaths = (
			);
			outputPaths = (
				"$(DERIVED_FILE_DIR)/Pods-WeatherAppTests-checkManifestLockResult.txt",
			);
			runOnlyForDeploymentPostprocessing = 0;
			shellPath = /bin/sh;
			shellScript = "diff \"${PODS_PODFILE_DIR_PATH}/Podfile.lock\" \"${PODS_ROOT}/Manifest.lock\" > /dev/null\nif [ $? != 0 ] ; then\n    # print error to STDERR\n    echo \"error: The sandbox is not in sync with the Podfile.lock. Run 'pod install' or update your CocoaPods installation.\" >&2\n    exit 1\nfi\n# This output is used by Xcode 'outputs' to avoid re-running this script phase.\necho \"SUCCESS\" > \"${SCRIPT_OUTPUT_FILE_0}\"\n";
			showEnvVarsInLog = 0;
		};
		8BEAB8FE0D471730FEA3B705 /* [CP] Check Pods Manifest.lock */ = {
			isa = PBXShellScriptBuildPhase;
			buildActionMask = 2147483647;
			files = (
			);
			inputFileListPaths = (
			);
			inputPaths = (
				"${PODS_PODFILE_DIR_PATH}/Podfile.lock",
				"${PODS_ROOT}/Manifest.lock",
			);
			name = "[CP] Check Pods Manifest.lock";
			outputFileListPaths = (
			);
			outputPaths = (
				"$(DERIVED_FILE_DIR)/Pods-WeatherApp-checkManifestLockResult.txt",
			);
			runOnlyForDeploymentPostprocessing = 0;
			shellPath = /bin/sh;
			shellScript = "diff \"${PODS_PODFILE_DIR_PATH}/Podfile.lock\" \"${PODS_ROOT}/Manifest.lock\" > /dev/null\nif [ $? != 0 ] ; then\n    # print error to STDERR\n    echo \"error: The sandbox is not in sync with the Podfile.lock. Run 'pod install' or update your CocoaPods installation.\" >&2\n    exit 1\nfi\n# This output is used by Xcode 'outputs' to avoid re-running this script phase.\necho \"SUCCESS\" > \"${SCRIPT_OUTPUT_FILE_0}\"\n";
			showEnvVarsInLog = 0;
		};
		A318D12529DA0A9600073237 /* Swift Lint */ = {
			isa = PBXShellScriptBuildPhase;
			buildActionMask = 2147483647;
			files = (
			);
			inputFileListPaths = (
			);
			inputPaths = (
			);
			name = "Swift Lint";
			outputFileListPaths = (
			);
			outputPaths = (
			);
			runOnlyForDeploymentPostprocessing = 0;
			shellPath = /bin/sh;
			shellScript = "${PODS_ROOT}/SwiftLint/swiftlint\n";
		};
		A540CCA091D19F2E00C07800 /* [CP] Check Pods Manifest.lock */ = {
			isa = PBXShellScriptBuildPhase;
			buildActionMask = 2147483647;
			files = (
			);
			inputFileListPaths = (
			);
			inputPaths = (
				"${PODS_PODFILE_DIR_PATH}/Podfile.lock",
				"${PODS_ROOT}/Manifest.lock",
			);
			name = "[CP] Check Pods Manifest.lock";
			outputFileListPaths = (
			);
			outputPaths = (
				"$(DERIVED_FILE_DIR)/Pods-WeatherApp-WeatherAppUITests-checkManifestLockResult.txt",
			);
			runOnlyForDeploymentPostprocessing = 0;
			shellPath = /bin/sh;
			shellScript = "diff \"${PODS_PODFILE_DIR_PATH}/Podfile.lock\" \"${PODS_ROOT}/Manifest.lock\" > /dev/null\nif [ $? != 0 ] ; then\n    # print error to STDERR\n    echo \"error: The sandbox is not in sync with the Podfile.lock. Run 'pod install' or update your CocoaPods installation.\" >&2\n    exit 1\nfi\n# This output is used by Xcode 'outputs' to avoid re-running this script phase.\necho \"SUCCESS\" > \"${SCRIPT_OUTPUT_FILE_0}\"\n";
			showEnvVarsInLog = 0;
		};
/* End PBXShellScriptBuildPhase section */

/* Begin PBXSourcesBuildPhase section */
		A800682029D713900081BC1F /* Sources */ = {
			isa = PBXSourcesBuildPhase;
			buildActionMask = 2147483647;
			files = (
				A318D12629DA0E6700073237 /* NetworkConfigurableMock.swift in Sources */,
				A318D0FC29D97A1400073237 /* AppConfigurationContainer.swift in Sources */,
				A318D0F629D975AA00073237 /* WeatherRepository.swift in Sources */,
				A800685329D715190081BC1F /* DataTransferService.swift in Sources */,
				A800685929D716070081BC1F /* NetworkConfig.swift in Sources */,
				A318D11629D9CDB700073237 /* ForecastWeatherItemViewModel.swift in Sources */,
				A800685529D7157E0081BC1F /* NetworkService.swift in Sources */,
				A318D12729DA0E6D00073237 /* NetworkSessionManagerMock.swift in Sources */,
				A318D12B29DA0F2600073237 /* WeatherRepositoryMock.swift in Sources */,
				A318D11B29D9D2E000073237 /* WeatherDetailView.swift in Sources */,
				A318D12F29DA11A900073237 /* AppConfigurationContainerMock.swift in Sources */,
				A800682829D713900081BC1F /* WeatherApp.swift in Sources */,
				A318D12029D9FBBF00073237 /* String+Extension.swift in Sources */,
				A318D11D29D9F67100073237 /* CurrentWeatherCardView.swift in Sources */,
				A318D10629D97C8E00073237 /* WeatherUseCase.swift in Sources */,
				A318D0F929D9760000073237 /* CurrentWeather.swift in Sources */,
				A318D0F229D9755E00073237 /* DefaultWeatherRepository.swift in Sources */,
				A318D12D29DA0F6700073237 /* MockResponse.swift in Sources */,
				A318D10E29D9B22800073237 /* RealtimeWeather+Mapping.swift in Sources */,
				A318D10129D97AE900073237 /* CurrentWeatherView.swift in Sources */,
				A318D12429DA069F00073237 /* UITestingHelper.swift in Sources */,
				A318D12929DA0ECF00073237 /* EndPointMock.swift in Sources */,
				A318D11029D9BDA900073237 /* WeatherForecast+Mapping.swift in Sources */,
				A800685729D715A40081BC1F /* Endpoint.swift in Sources */,
				A318D10329D97B0900073237 /* CurrentWeatherViewModel.swift in Sources */,
				A318D11429D9C79A00073237 /* ForecastView.swift in Sources */,
			);
			runOnlyForDeploymentPostprocessing = 0;
		};
		A800683029D713920081BC1F /* Sources */ = {
			isa = PBXSourcesBuildPhase;
			buildActionMask = 2147483647;
			files = (
				A318D0E829D968A700073237 /* NetworkServiceTests.swift in Sources */,
				A318D10C29D98FE200073237 /* WeatherUseCaseTests.swift in Sources */,
				A318D0E429D9512500073237 /* DataTransferServiceTests.swift in Sources */,
			);
			runOnlyForDeploymentPostprocessing = 0;
		};
		A800683A29D713920081BC1F /* Sources */ = {
			isa = PBXSourcesBuildPhase;
			buildActionMask = 2147483647;
			files = (
				A800684329D713920081BC1F /* WeatherAppUITests.swift in Sources */,
				A800684529D713920081BC1F /* WeatherAppUITestsLaunchTests.swift in Sources */,
			);
			runOnlyForDeploymentPostprocessing = 0;
		};
/* End PBXSourcesBuildPhase section */

/* Begin PBXTargetDependency section */
		A800683629D713920081BC1F /* PBXTargetDependency */ = {
			isa = PBXTargetDependency;
			target = A800682329D713900081BC1F /* WeatherApp */;
			targetProxy = A800683529D713920081BC1F /* PBXContainerItemProxy */;
		};
		A800684029D713920081BC1F /* PBXTargetDependency */ = {
			isa = PBXTargetDependency;
			target = A800682329D713900081BC1F /* WeatherApp */;
			targetProxy = A800683F29D713920081BC1F /* PBXContainerItemProxy */;
		};
/* End PBXTargetDependency section */

/* Begin XCBuildConfiguration section */
		A800684629D713920081BC1F /* Debug */ = {
			isa = XCBuildConfiguration;
			buildSettings = {
				ALWAYS_SEARCH_USER_PATHS = NO;
				CLANG_ANALYZER_NONNULL = YES;
				CLANG_ANALYZER_NUMBER_OBJECT_CONVERSION = YES_AGGRESSIVE;
				CLANG_CXX_LANGUAGE_STANDARD = "gnu++17";
				CLANG_ENABLE_MODULES = YES;
				CLANG_ENABLE_OBJC_ARC = YES;
				CLANG_ENABLE_OBJC_WEAK = YES;
				CLANG_WARN_BLOCK_CAPTURE_AUTORELEASING = YES;
				CLANG_WARN_BOOL_CONVERSION = YES;
				CLANG_WARN_COMMA = YES;
				CLANG_WARN_CONSTANT_CONVERSION = YES;
				CLANG_WARN_DEPRECATED_OBJC_IMPLEMENTATIONS = YES;
				CLANG_WARN_DIRECT_OBJC_ISA_USAGE = YES_ERROR;
				CLANG_WARN_DOCUMENTATION_COMMENTS = YES;
				CLANG_WARN_EMPTY_BODY = YES;
				CLANG_WARN_ENUM_CONVERSION = YES;
				CLANG_WARN_INFINITE_RECURSION = YES;
				CLANG_WARN_INT_CONVERSION = YES;
				CLANG_WARN_NON_LITERAL_NULL_CONVERSION = YES;
				CLANG_WARN_OBJC_IMPLICIT_RETAIN_SELF = YES;
				CLANG_WARN_OBJC_LITERAL_CONVERSION = YES;
				CLANG_WARN_OBJC_ROOT_CLASS = YES_ERROR;
				CLANG_WARN_QUOTED_INCLUDE_IN_FRAMEWORK_HEADER = YES;
				CLANG_WARN_RANGE_LOOP_ANALYSIS = YES;
				CLANG_WARN_STRICT_PROTOTYPES = YES;
				CLANG_WARN_SUSPICIOUS_MOVE = YES;
				CLANG_WARN_UNGUARDED_AVAILABILITY = YES_AGGRESSIVE;
				CLANG_WARN_UNREACHABLE_CODE = YES;
				CLANG_WARN__DUPLICATE_METHOD_MATCH = YES;
				COPY_PHASE_STRIP = NO;
				DEBUG_INFORMATION_FORMAT = dwarf;
				ENABLE_STRICT_OBJC_MSGSEND = YES;
				ENABLE_TESTABILITY = YES;
				GCC_C_LANGUAGE_STANDARD = gnu11;
				GCC_DYNAMIC_NO_PIC = NO;
				GCC_NO_COMMON_BLOCKS = YES;
				GCC_OPTIMIZATION_LEVEL = 0;
				GCC_PREPROCESSOR_DEFINITIONS = (
					"DEBUG=1",
					"$(inherited)",
				);
				GCC_WARN_64_TO_32_BIT_CONVERSION = YES;
				GCC_WARN_ABOUT_RETURN_TYPE = YES_ERROR;
				GCC_WARN_UNDECLARED_SELECTOR = YES;
				GCC_WARN_UNINITIALIZED_AUTOS = YES_AGGRESSIVE;
				GCC_WARN_UNUSED_FUNCTION = YES;
				GCC_WARN_UNUSED_VARIABLE = YES;
				IPHONEOS_DEPLOYMENT_TARGET = 15.5;
				MTL_ENABLE_DEBUG_INFO = INCLUDE_SOURCE;
				MTL_FAST_MATH = YES;
				ONLY_ACTIVE_ARCH = YES;
				SDKROOT = iphoneos;
				SWIFT_ACTIVE_COMPILATION_CONDITIONS = DEBUG;
				SWIFT_OPTIMIZATION_LEVEL = "-Onone";
			};
			name = Debug;
		};
		A800684729D713920081BC1F /* Release */ = {
			isa = XCBuildConfiguration;
			buildSettings = {
				ALWAYS_SEARCH_USER_PATHS = NO;
				CLANG_ANALYZER_NONNULL = YES;
				CLANG_ANALYZER_NUMBER_OBJECT_CONVERSION = YES_AGGRESSIVE;
				CLANG_CXX_LANGUAGE_STANDARD = "gnu++17";
				CLANG_ENABLE_MODULES = YES;
				CLANG_ENABLE_OBJC_ARC = YES;
				CLANG_ENABLE_OBJC_WEAK = YES;
				CLANG_WARN_BLOCK_CAPTURE_AUTORELEASING = YES;
				CLANG_WARN_BOOL_CONVERSION = YES;
				CLANG_WARN_COMMA = YES;
				CLANG_WARN_CONSTANT_CONVERSION = YES;
				CLANG_WARN_DEPRECATED_OBJC_IMPLEMENTATIONS = YES;
				CLANG_WARN_DIRECT_OBJC_ISA_USAGE = YES_ERROR;
				CLANG_WARN_DOCUMENTATION_COMMENTS = YES;
				CLANG_WARN_EMPTY_BODY = YES;
				CLANG_WARN_ENUM_CONVERSION = YES;
				CLANG_WARN_INFINITE_RECURSION = YES;
				CLANG_WARN_INT_CONVERSION = YES;
				CLANG_WARN_NON_LITERAL_NULL_CONVERSION = YES;
				CLANG_WARN_OBJC_IMPLICIT_RETAIN_SELF = YES;
				CLANG_WARN_OBJC_LITERAL_CONVERSION = YES;
				CLANG_WARN_OBJC_ROOT_CLASS = YES_ERROR;
				CLANG_WARN_QUOTED_INCLUDE_IN_FRAMEWORK_HEADER = YES;
				CLANG_WARN_RANGE_LOOP_ANALYSIS = YES;
				CLANG_WARN_STRICT_PROTOTYPES = YES;
				CLANG_WARN_SUSPICIOUS_MOVE = YES;
				CLANG_WARN_UNGUARDED_AVAILABILITY = YES_AGGRESSIVE;
				CLANG_WARN_UNREACHABLE_CODE = YES;
				CLANG_WARN__DUPLICATE_METHOD_MATCH = YES;
				COPY_PHASE_STRIP = NO;
				DEBUG_INFORMATION_FORMAT = "dwarf-with-dsym";
				ENABLE_NS_ASSERTIONS = NO;
				ENABLE_STRICT_OBJC_MSGSEND = YES;
				GCC_C_LANGUAGE_STANDARD = gnu11;
				GCC_NO_COMMON_BLOCKS = YES;
				GCC_WARN_64_TO_32_BIT_CONVERSION = YES;
				GCC_WARN_ABOUT_RETURN_TYPE = YES_ERROR;
				GCC_WARN_UNDECLARED_SELECTOR = YES;
				GCC_WARN_UNINITIALIZED_AUTOS = YES_AGGRESSIVE;
				GCC_WARN_UNUSED_FUNCTION = YES;
				GCC_WARN_UNUSED_VARIABLE = YES;
				IPHONEOS_DEPLOYMENT_TARGET = 15.5;
				MTL_ENABLE_DEBUG_INFO = NO;
				MTL_FAST_MATH = YES;
				SDKROOT = iphoneos;
				SWIFT_COMPILATION_MODE = wholemodule;
				SWIFT_OPTIMIZATION_LEVEL = "-O";
				VALIDATE_PRODUCT = YES;
			};
			name = Release;
		};
		A800684929D713920081BC1F /* Debug */ = {
			isa = XCBuildConfiguration;
			baseConfigurationReference = 3D5ABF09000E344EDAE5AE3A /* Pods-WeatherApp.debug.xcconfig */;
			buildSettings = {
				ASSETCATALOG_COMPILER_APPICON_NAME = AppIcon;
				ASSETCATALOG_COMPILER_GLOBAL_ACCENT_COLOR_NAME = AccentColor;
				CODE_SIGN_STYLE = Automatic;
				CURRENT_PROJECT_VERSION = 1;
				DEVELOPMENT_ASSET_PATHS = "\"WeatherApp/Preview Content\"";
				ENABLE_PREVIEWS = YES;
				GENERATE_INFOPLIST_FILE = YES;
				INFOPLIST_FILE = WeatherApp/Info.plist;
				INFOPLIST_KEY_UIApplicationSceneManifest_Generation = YES;
				INFOPLIST_KEY_UIApplicationSupportsIndirectInputEvents = YES;
				INFOPLIST_KEY_UILaunchScreen_Generation = YES;
				INFOPLIST_KEY_UISupportedInterfaceOrientations = "UIInterfaceOrientationPortrait UIInterfaceOrientationPortraitUpsideDown";
				INFOPLIST_KEY_UISupportedInterfaceOrientations_iPad = "UIInterfaceOrientationLandscapeRight UIInterfaceOrientationPortrait UIInterfaceOrientationPortraitUpsideDown";
				LD_RUNPATH_SEARCH_PATHS = (
					"$(inherited)",
					"@executable_path/Frameworks",
				);
				MARKETING_VERSION = 1.0;
				PRODUCT_BUNDLE_IDENTIFIER = com.bhoopendra.WeatherApp;
				PRODUCT_NAME = "$(TARGET_NAME)";
				SWIFT_EMIT_LOC_STRINGS = YES;
				SWIFT_VERSION = 5.0;
				TARGETED_DEVICE_FAMILY = "1,2";
			};
			name = Debug;
		};
		A800684A29D713920081BC1F /* Release */ = {
			isa = XCBuildConfiguration;
			baseConfigurationReference = 9E66022693D1C5AD3B1A334B /* Pods-WeatherApp.release.xcconfig */;
			buildSettings = {
				ASSETCATALOG_COMPILER_APPICON_NAME = AppIcon;
				ASSETCATALOG_COMPILER_GLOBAL_ACCENT_COLOR_NAME = AccentColor;
				CODE_SIGN_STYLE = Automatic;
				CURRENT_PROJECT_VERSION = 1;
				DEVELOPMENT_ASSET_PATHS = "\"WeatherApp/Preview Content\"";
				ENABLE_PREVIEWS = YES;
				GENERATE_INFOPLIST_FILE = YES;
				INFOPLIST_FILE = WeatherApp/Info.plist;
				INFOPLIST_KEY_UIApplicationSceneManifest_Generation = YES;
				INFOPLIST_KEY_UIApplicationSupportsIndirectInputEvents = YES;
				INFOPLIST_KEY_UILaunchScreen_Generation = YES;
				INFOPLIST_KEY_UISupportedInterfaceOrientations = "UIInterfaceOrientationPortrait UIInterfaceOrientationPortraitUpsideDown";
				INFOPLIST_KEY_UISupportedInterfaceOrientations_iPad = "UIInterfaceOrientationLandscapeRight UIInterfaceOrientationPortrait UIInterfaceOrientationPortraitUpsideDown";
				LD_RUNPATH_SEARCH_PATHS = (
					"$(inherited)",
					"@executable_path/Frameworks",
				);
				MARKETING_VERSION = 1.0;
				PRODUCT_BUNDLE_IDENTIFIER = com.bhoopendra.WeatherApp;
				PRODUCT_NAME = "$(TARGET_NAME)";
				SWIFT_EMIT_LOC_STRINGS = YES;
				SWIFT_VERSION = 5.0;
				TARGETED_DEVICE_FAMILY = "1,2";
			};
			name = Release;
		};
		A800684C29D713920081BC1F /* Debug */ = {
			isa = XCBuildConfiguration;
			baseConfigurationReference = 6DCE95DD71F2797B2BBE09A0 /* Pods-WeatherAppTests.debug.xcconfig */;
			buildSettings = {
				ALWAYS_EMBED_SWIFT_STANDARD_LIBRARIES = YES;
				BUNDLE_LOADER = "$(TEST_HOST)";
				CODE_SIGN_STYLE = Automatic;
				CURRENT_PROJECT_VERSION = 1;
				GENERATE_INFOPLIST_FILE = YES;
				IPHONEOS_DEPLOYMENT_TARGET = 15.5;
				MARKETING_VERSION = 1.0;
				PRODUCT_BUNDLE_IDENTIFIER = com.bhoopendra.WeatherAppTests;
				PRODUCT_NAME = "$(TARGET_NAME)";
				SWIFT_EMIT_LOC_STRINGS = NO;
				SWIFT_VERSION = 5.0;
				TARGETED_DEVICE_FAMILY = "1,2";
				TEST_HOST = "$(BUILT_PRODUCTS_DIR)/WeatherApp.app/WeatherApp";
			};
			name = Debug;
		};
		A800684D29D713920081BC1F /* Release */ = {
			isa = XCBuildConfiguration;
			baseConfigurationReference = AC9BEEA7EBB83B9CF5857095 /* Pods-WeatherAppTests.release.xcconfig */;
			buildSettings = {
				ALWAYS_EMBED_SWIFT_STANDARD_LIBRARIES = YES;
				BUNDLE_LOADER = "$(TEST_HOST)";
				CODE_SIGN_STYLE = Automatic;
				CURRENT_PROJECT_VERSION = 1;
				GENERATE_INFOPLIST_FILE = YES;
				IPHONEOS_DEPLOYMENT_TARGET = 15.5;
				MARKETING_VERSION = 1.0;
				PRODUCT_BUNDLE_IDENTIFIER = com.bhoopendra.WeatherAppTests;
				PRODUCT_NAME = "$(TARGET_NAME)";
				SWIFT_EMIT_LOC_STRINGS = NO;
				SWIFT_VERSION = 5.0;
				TARGETED_DEVICE_FAMILY = "1,2";
				TEST_HOST = "$(BUILT_PRODUCTS_DIR)/WeatherApp.app/WeatherApp";
			};
			name = Release;
		};
		A800684F29D713920081BC1F /* Debug */ = {
			isa = XCBuildConfiguration;
			baseConfigurationReference = 55BAC19379DE5D0E6B8DCC65 /* Pods-WeatherApp-WeatherAppUITests.debug.xcconfig */;
			buildSettings = {
				ALWAYS_EMBED_SWIFT_STANDARD_LIBRARIES = YES;
				CODE_SIGN_STYLE = Automatic;
				CURRENT_PROJECT_VERSION = 1;
				GENERATE_INFOPLIST_FILE = YES;
				MARKETING_VERSION = 1.0;
				PRODUCT_BUNDLE_IDENTIFIER = com.bhoopendra.WeatherAppUITests;
				PRODUCT_NAME = "$(TARGET_NAME)";
				SWIFT_EMIT_LOC_STRINGS = NO;
				SWIFT_VERSION = 5.0;
				TARGETED_DEVICE_FAMILY = "1,2";
				TEST_TARGET_NAME = WeatherApp;
			};
			name = Debug;
		};
		A800685029D713920081BC1F /* Release */ = {
			isa = XCBuildConfiguration;
			baseConfigurationReference = 349C41CA97C753716A6B440B /* Pods-WeatherApp-WeatherAppUITests.release.xcconfig */;
			buildSettings = {
				ALWAYS_EMBED_SWIFT_STANDARD_LIBRARIES = YES;
				CODE_SIGN_STYLE = Automatic;
				CURRENT_PROJECT_VERSION = 1;
				GENERATE_INFOPLIST_FILE = YES;
				MARKETING_VERSION = 1.0;
				PRODUCT_BUNDLE_IDENTIFIER = com.bhoopendra.WeatherAppUITests;
				PRODUCT_NAME = "$(TARGET_NAME)";
				SWIFT_EMIT_LOC_STRINGS = NO;
				SWIFT_VERSION = 5.0;
				TARGETED_DEVICE_FAMILY = "1,2";
				TEST_TARGET_NAME = WeatherApp;
			};
			name = Release;
		};
/* End XCBuildConfiguration section */

/* Begin XCConfigurationList section */
		A800681F29D713900081BC1F /* Build configuration list for PBXProject "WeatherApp" */ = {
			isa = XCConfigurationList;
			buildConfigurations = (
				A800684629D713920081BC1F /* Debug */,
				A800684729D713920081BC1F /* Release */,
			);
			defaultConfigurationIsVisible = 0;
			defaultConfigurationName = Release;
		};
		A800684829D713920081BC1F /* Build configuration list for PBXNativeTarget "WeatherApp" */ = {
			isa = XCConfigurationList;
			buildConfigurations = (
				A800684929D713920081BC1F /* Debug */,
				A800684A29D713920081BC1F /* Release */,
			);
			defaultConfigurationIsVisible = 0;
			defaultConfigurationName = Release;
		};
		A800684B29D713920081BC1F /* Build configuration list for PBXNativeTarget "WeatherAppTests" */ = {
			isa = XCConfigurationList;
			buildConfigurations = (
				A800684C29D713920081BC1F /* Debug */,
				A800684D29D713920081BC1F /* Release */,
			);
			defaultConfigurationIsVisible = 0;
			defaultConfigurationName = Release;
		};
		A800684E29D713920081BC1F /* Build configuration list for PBXNativeTarget "WeatherAppUITests" */ = {
			isa = XCConfigurationList;
			buildConfigurations = (
				A800684F29D713920081BC1F /* Debug */,
				A800685029D713920081BC1F /* Release */,
			);
			defaultConfigurationIsVisible = 0;
			defaultConfigurationName = Release;
		};
/* End XCConfigurationList section */
	};
	rootObject = A800681C29D713900081BC1F /* Project object */;
}
